
Microsoft Visual Studio Solution File, Format Version 12.00
# Visual Studio 2015
Project("{FAE04EC0-301F-11D3-BF4B-00C04F79EFBC}") = "GDCUWT.CSharp.Plugins", "GDCUWT.CSharp.Plugins.csproj", "{42A1376F-5102-A1A2-7AC8-25F1117FAC69}"
EndProject
Project("{FAE04EC0-301F-11D3-BF4B-00C04F79EFBC}") = "GDCUWT.CSharp", "GDCUWT.CSharp.csproj", "{C811FD86-5BE9-A155-E9DD-75E8F1419827}"
EndProject
Project("{FAE04EC0-301F-11D3-BF4B-00C04F79EFBC}") = "GDCUWT.CSharp.Editor", "GDCUWT.CSharp.Editor.csproj", "{354E2F94-47F3-497A-7E6A-98A99F3D8565}"
EndProject
Global
	GlobalSection(SolutionConfigurationPlatforms) = preSolution
		Debug|Any CPU = Debug|Any CPU
		Release|Any CPU = Release|Any CPU
	EndGlobalSection
	GlobalSection(ProjectConfigurationPlatforms) = postSolution
		{42A1376F-5102-A1A2-7AC8-25F1117FAC69}.Debug|Any CPU.ActiveCfg = Debug|Any CPU
		{42A1376F-5102-A1A2-7AC8-25F1117FAC69}.Debug|Any CPU.Build.0 = Debug|Any CPU
		{42A1376F-5102-A1A2-7AC8-25F1117FAC69}.Release|Any CPU.ActiveCfg = Release|Any CPU
		{42A1376F-5102-A1A2-7AC8-25F1117FAC69}.Release|Any CPU.Build.0 = Release|Any CPU
		{C811FD86-5BE9-A155-E9DD-75E8F1419827}.Debug|Any CPU.ActiveCfg = Debug|Any CPU
		{C811FD86-5BE9-A155-E9DD-75E8F1419827}.Debug|Any CPU.Build.0 = Debug|Any CPU
		{C811FD86-5BE9-A155-E9DD-75E8F1419827}.Release|Any CPU.ActiveCfg = Release|Any CPU
		{C811FD86-5BE9-A155-E9DD-75E8F1419827}.Release|Any CPU.Build.0 = Release|Any CPU
		{354E2F94-47F3-497A-7E6A-98A99F3D8565}.Debug|Any CPU.ActiveCfg = Debug|Any CPU
		{354E2F94-47F3-497A-7E6A-98A99F3D8565}.Debug|Any CPU.Build.0 = Debug|Any CPU
		{354E2F94-47F3-497A-7E6A-98A99F3D8565}.Release|Any CPU.ActiveCfg = Release|Any CPU
		{354E2F94-47F3-497A-7E6A-98A99F3D8565}.Release|Any CPU.Build.0 = Release|Any CPU
	EndGlobalSection
	GlobalSection(SolutionProperties) = preSolution
		HideSolutionNode = FALSE
	EndGlobalSection
EndGlobal
